
Microsoft Visual Studio Solution File, Format Version 12.00
# Visual Studio Version 17
VisualStudioVersion = 17.13.35919.96
MinimumVisualStudioVersion = 10.0.40219.1
Project("{FAE04EC0-301F-11D3-BF4B-00C04F79EFBC}") = "Melody.UI", "Melody.UI\Melody.UI.csproj", "{E3082275-05E1-4E0F-A64D-FB03CD87F2A4}"
EndProject
Project("{FAE04EC0-301F-11D3-BF4B-00C04F79EFBC}") = "Melody.Logic", "Melody.Logic\Melody.Logic.csproj", "{3FBB08C4-1972-4253-BA20-3CC349CCC2F1}"
EndProject
Global
	GlobalSection(SolutionConfigurationPlatforms) = preSolution
		Debug|Any CPU = Debug|Any CPU
		Release|Any CPU = Release|Any CPU
	EndGlobalSection
	GlobalSection(ProjectConfigurationPlatforms) = postSolution
		{E3082275-05E1-4E0F-A64D-FB03CD87F2A4}.Debug|Any CPU.ActiveCfg = Debug|Any CPU
		{E3082275-05E1-4E0F-A64D-FB03CD87F2A4}.Debug|Any CPU.Build.0 = Debug|Any CPU
		{E3082275-05E1-4E0F-A64D-FB03CD87F2A4}.Release|Any CPU.ActiveCfg = Release|Any CPU
		{E3082275-05E1-4E0F-A64D-FB03CD87F2A4}.Release|Any CPU.Build.0 = Release|Any CPU
		{3FBB08C4-1972-4253-BA20-3CC349CCC2F1}.Debug|Any CPU.ActiveCfg = Debug|Any CPU
		{3FBB08C4-1972-4253-BA20-3CC349CCC2F1}.Debug|Any CPU.Build.0 = Debug|Any CPU
		{3FBB08C4-1972-4253-BA20-3CC349CCC2F1}.Release|Any CPU.ActiveCfg = Release|Any CPU
		{3FBB08C4-1972-4253-BA20-3CC349CCC2F1}.Release|Any CPU.Build.0 = Release|Any CPU
	EndGlobalSection
	GlobalSection(SolutionProperties) = preSolution
		HideSolutionNode = FALSE
	EndGlobalSection
	GlobalSection(ExtensibilityGlobals) = postSolution
		SolutionGuid = {5FB493DC-0911-466B-9710-687C9E8BB3A3}
	EndGlobalSection
EndGlobal
